Microsoft Visual Studio Solution File, Format Version 12.00
# Visual Studio 2012
Project("{FAE04EC0-301F-11D3-BF4B-00C04F79EFBC}") = "visualizerGodot", "visualizerGodot.csproj", "{7632F3A8-834B-49A4-AA5B-24D6C9FC711C}"
EndProject
Global
	GlobalSection(SolutionConfigurationPlatforms) = preSolution
	Debug|Any CPU = Debug|Any CPU
	ExportDebug|Any CPU = ExportDebug|Any CPU
	ExportRelease|Any CPU = ExportRelease|Any CPU
	EndGlobalSection
	GlobalSection(ProjectConfigurationPlatforms) = postSolution
		{7632F3A8-834B-49A4-AA5B-24D6C9FC711C}.Debug|Any CPU.ActiveCfg = Debug|Any CPU
		{7632F3A8-834B-49A4-AA5B-24D6C9FC711C}.Debug|Any CPU.Build.0 = Debug|Any CPU
		{7632F3A8-834B-49A4-AA5B-24D6C9FC711C}.ExportDebug|Any CPU.ActiveCfg = ExportDebug|Any CPU
		{7632F3A8-834B-49A4-AA5B-24D6C9FC711C}.ExportDebug|Any CPU.Build.0 = ExportDebug|Any CPU
		{7632F3A8-834B-49A4-AA5B-24D6C9FC711C}.ExportRelease|Any CPU.ActiveCfg = ExportRelease|Any CPU
		{7632F3A8-834B-49A4-AA5B-24D6C9FC711C}.ExportRelease|Any CPU.Build.0 = ExportRelease|Any CPU
	EndGlobalSection
EndGlobal
